
Microsoft Visual Studio Solution File, Format Version 12.00
# Visual Studio Version 16
VisualStudioVersion = 16.0.30907.101
MinimumVisualStudioVersion = 10.0.40219.1
Project("{FAE04EC0-301F-11D3-BF4B-00C04F79EFBC}") = "DataAccess", "DataAccess\DataAccess.csproj", "{5AEE6515-1254-4CD7-95B6-065B706E149B}"
EndProject
Project("{FAE04EC0-301F-11D3-BF4B-00C04F79EFBC}") = "Business", "Business\Business.csproj", "{0E9014E2-DE00-46DA-AEB7-28B391F9421F}"
EndProject
Project("{FAE04EC0-301F-11D3-BF4B-00C04F79EFBC}") = "Entities", "Entities\Entities.csproj", "{C3D9A0BF-B4D4-4613-9D60-B4593AE5A70A}"
EndProject
Project("{FAE04EC0-301F-11D3-BF4B-00C04F79EFBC}") = "ConsoleUI", "ConsoleUI\ConsoleUI.csproj", "{A8EEDCF4-44EC-460B-B231-66CA3F824C7B}"
EndProject
Global
	GlobalSection(SolutionConfigurationPlatforms) = preSolution
		Debug|Any CPU = Debug|Any CPU
		Release|Any CPU = Release|Any CPU
	EndGlobalSection
	GlobalSection(ProjectConfigurationPlatforms) = postSolution
		{5AEE6515-1254-4CD7-95B6-065B706E149B}.Debug|Any CPU.ActiveCfg = Debug|Any CPU
		{5AEE6515-1254-4CD7-95B6-065B706E149B}.Debug|Any CPU.Build.0 = Debug|Any CPU
		{5AEE6515-1254-4CD7-95B6-065B706E149B}.Release|Any CPU.ActiveCfg = Release|Any CPU
		{5AEE6515-1254-4CD7-95B6-065B706E149B}.Release|Any CPU.Build.0 = Release|Any CPU
		{0E9014E2-DE00-46DA-AEB7-28B391F9421F}.Debug|Any CPU.ActiveCfg = Debug|Any CPU
		{0E9014E2-DE00-46DA-AEB7-28B391F9421F}.Debug|Any CPU.Build.0 = Debug|Any CPU
		{0E9014E2-DE00-46DA-AEB7-28B391F9421F}.Release|Any CPU.ActiveCfg = Release|Any CPU
		{0E9014E2-DE00-46DA-AEB7-28B391F9421F}.Release|Any CPU.Build.0 = Release|Any CPU
		{C3D9A0BF-B4D4-4613-9D60-B4593AE5A70A}.Debug|Any CPU.ActiveCfg = Debug|Any CPU
		{C3D9A0BF-B4D4-4613-9D60-B4593AE5A70A}.Debug|Any CPU.Build.0 = Debug|Any CPU
		{C3D9A0BF-B4D4-4613-9D60-B4593AE5A70A}.Release|Any CPU.ActiveCfg = Release|Any CPU
		{C3D9A0BF-B4D4-4613-9D60-B4593AE5A70A}.Release|Any CPU.Build.0 = Release|Any CPU
		{A8EEDCF4-44EC-460B-B231-66CA3F824C7B}.Debug|Any CPU.ActiveCfg = Debug|Any CPU
		{A8EEDCF4-44EC-460B-B231-66CA3F824C7B}.Debug|Any CPU.Build.0 = Debug|Any CPU
		{A8EEDCF4-44EC-460B-B231-66CA3F824C7B}.Release|Any CPU.ActiveCfg = Release|Any CPU
		{A8EEDCF4-44EC-460B-B231-66CA3F824C7B}.Release|Any CPU.Build.0 = Release|Any CPU
	EndGlobalSection
	GlobalSection(SolutionProperties) = preSolution
		HideSolutionNode = FALSE
	EndGlobalSection
	GlobalSection(ExtensibilityGlobals) = postSolution
		SolutionGuid = {395E2057-1F76-4A72-82A8-3BF50ACAE439}
	EndGlobalSection
EndGlobal
